
Microsoft Visual Studio Solution File, Format Version 12.00
# Visual Studio Version 17
VisualStudioVersion = 17.3.32825.248
MinimumVisualStudioVersion = 10.0.40219.1
Project("{FAE04EC0-301F-11D3-BF4B-00C04F79EFBC}") = "ПР1", "ПР1\ПР1.csproj", "{3703535C-9F14-475D-B0C9-2FEE8E3164EC}"
EndProject
Global
	GlobalSection(SolutionConfigurationPlatforms) = preSolution
		Debug|Any CPU = Debug|Any CPU
		Release|Any CPU = Release|Any CPU
	EndGlobalSection
	GlobalSection(ProjectConfigurationPlatforms) = postSolution
		{3703535C-9F14-475D-B0C9-2FEE8E3164EC}.Debug|Any CPU.ActiveCfg = Debug|Any CPU
		{3703535C-9F14-475D-B0C9-2FEE8E3164EC}.Debug|Any CPU.Build.0 = Debug|Any CPU
		{3703535C-9F14-475D-B0C9-2FEE8E3164EC}.Release|Any CPU.ActiveCfg = Release|Any CPU
		{3703535C-9F14-475D-B0C9-2FEE8E3164EC}.Release|Any CPU.Build.0 = Release|Any CPU
	EndGlobalSection
	GlobalSection(SolutionProperties) = preSolution
		HideSolutionNode = FALSE
	EndGlobalSection
	GlobalSection(ExtensibilityGlobals) = postSolution
		SolutionGuid = {2AD8B2F7-264D-4A85-A9B1-D8545D924EE0}
	EndGlobalSection
EndGlobal
